
Microsoft Visual Studio Solution File, Format Version 12.00
# Visual Studio Version 16
VisualStudioVersion = 16.0.29905.134
MinimumVisualStudioVersion = 10.0.40219.1
Project("{9A19103F-16F7-4668-BE54-9A1E7A4F7556}") = "LoginUser", "LoginUser\LoginUser.csproj", "{2B1C54C6-1B1E-434D-B1EF-4604BCE1815E}"
EndProject
Project("{9A19103F-16F7-4668-BE54-9A1E7A4F7556}") = "LoginUser.Tests", "LoginUser.Tests\LoginUser.Tests.csproj", "{10DEC175-663A-4EBE-9B39-F38698955EBC}"
EndProject
Project("{9A19103F-16F7-4668-BE54-9A1E7A4F7556}") = "Core", "..\..\Core\Core\Core.csproj", "{8BC43F03-6E6F-4FF9-9A01-79FD12711AA0}"
EndProject
Global
	GlobalSection(SolutionConfigurationPlatforms) = preSolution
		Debug|Any CPU = Debug|Any CPU
		Release|Any CPU = Release|Any CPU
	EndGlobalSection
	GlobalSection(ProjectConfigurationPlatforms) = postSolution
		{2B1C54C6-1B1E-434D-B1EF-4604BCE1815E}.Debug|Any CPU.ActiveCfg = Debug|Any CPU
		{2B1C54C6-1B1E-434D-B1EF-4604BCE1815E}.Debug|Any CPU.Build.0 = Debug|Any CPU
		{2B1C54C6-1B1E-434D-B1EF-4604BCE1815E}.Release|Any CPU.ActiveCfg = Release|Any CPU
		{2B1C54C6-1B1E-434D-B1EF-4604BCE1815E}.Release|Any CPU.Build.0 = Release|Any CPU
		{10DEC175-663A-4EBE-9B39-F38698955EBC}.Debug|Any CPU.ActiveCfg = Debug|Any CPU
		{10DEC175-663A-4EBE-9B39-F38698955EBC}.Debug|Any CPU.Build.0 = Debug|Any CPU
		{10DEC175-663A-4EBE-9B39-F38698955EBC}.Release|Any CPU.ActiveCfg = Release|Any CPU
		{10DEC175-663A-4EBE-9B39-F38698955EBC}.Release|Any CPU.Build.0 = Release|Any CPU
		{8BC43F03-6E6F-4FF9-9A01-79FD12711AA0}.Debug|Any CPU.ActiveCfg = Debug|Any CPU
		{8BC43F03-6E6F-4FF9-9A01-79FD12711AA0}.Debug|Any CPU.Build.0 = Debug|Any CPU
		{8BC43F03-6E6F-4FF9-9A01-79FD12711AA0}.Release|Any CPU.ActiveCfg = Release|Any CPU
		{8BC43F03-6E6F-4FF9-9A01-79FD12711AA0}.Release|Any CPU.Build.0 = Release|Any CPU
	EndGlobalSection
	GlobalSection(SolutionProperties) = preSolution
		HideSolutionNode = FALSE
	EndGlobalSection
	GlobalSection(ExtensibilityGlobals) = postSolution
		SolutionGuid = {6EE63967-A5D2-4C12-B325-3DF8A9BE773F}
	EndGlobalSection
EndGlobal
