
Microsoft Visual Studio Solution File, Format Version 12.00
# Visual Studio Version 16
VisualStudioVersion = 16.0.29905.134
MinimumVisualStudioVersion = 10.0.40219.1
Project("{9A19103F-16F7-4668-BE54-9A1E7A4F7556}") = "RegisterUser", "RegisterUser\RegisterUser.csproj", "{B5E829CC-3DC5-452F-B0F5-69028B326E51}"
EndProject
Project("{9A19103F-16F7-4668-BE54-9A1E7A4F7556}") = "RegisterUser.Tests", "RegisterUser.Tests\RegisterUser.Tests.csproj", "{46AFCE22-04A9-4823-9192-FF1FF657DD5B}"
EndProject
Project("{9A19103F-16F7-4668-BE54-9A1E7A4F7556}") = "Core", "..\..\Core\Core\Core.csproj", "{8892B536-6557-4280-8D96-F01DC2F89E22}"
EndProject
Global
	GlobalSection(SolutionConfigurationPlatforms) = preSolution
		Debug|Any CPU = Debug|Any CPU
		Release|Any CPU = Release|Any CPU
	EndGlobalSection
	GlobalSection(ProjectConfigurationPlatforms) = postSolution
		{B5E829CC-3DC5-452F-B0F5-69028B326E51}.Debug|Any CPU.ActiveCfg = Debug|Any CPU
		{B5E829CC-3DC5-452F-B0F5-69028B326E51}.Debug|Any CPU.Build.0 = Debug|Any CPU
		{B5E829CC-3DC5-452F-B0F5-69028B326E51}.Release|Any CPU.ActiveCfg = Release|Any CPU
		{B5E829CC-3DC5-452F-B0F5-69028B326E51}.Release|Any CPU.Build.0 = Release|Any CPU
		{46AFCE22-04A9-4823-9192-FF1FF657DD5B}.Debug|Any CPU.ActiveCfg = Debug|Any CPU
		{46AFCE22-04A9-4823-9192-FF1FF657DD5B}.Debug|Any CPU.Build.0 = Debug|Any CPU
		{46AFCE22-04A9-4823-9192-FF1FF657DD5B}.Release|Any CPU.ActiveCfg = Release|Any CPU
		{46AFCE22-04A9-4823-9192-FF1FF657DD5B}.Release|Any CPU.Build.0 = Release|Any CPU
		{8892B536-6557-4280-8D96-F01DC2F89E22}.Debug|Any CPU.ActiveCfg = Debug|Any CPU
		{8892B536-6557-4280-8D96-F01DC2F89E22}.Debug|Any CPU.Build.0 = Debug|Any CPU
		{8892B536-6557-4280-8D96-F01DC2F89E22}.Release|Any CPU.ActiveCfg = Release|Any CPU
		{8892B536-6557-4280-8D96-F01DC2F89E22}.Release|Any CPU.Build.0 = Release|Any CPU
	EndGlobalSection
	GlobalSection(SolutionProperties) = preSolution
		HideSolutionNode = FALSE
	EndGlobalSection
	GlobalSection(ExtensibilityGlobals) = postSolution
		SolutionGuid = {FC0953D0-02DD-4F55-A872-9B96D3F81DBC}
	EndGlobalSection
EndGlobal
