
Microsoft Visual Studio Solution File, Format Version 12.00
# Visual Studio Version 16
VisualStudioVersion = 16.0.29905.134
MinimumVisualStudioVersion = 10.0.40219.1
Project("{9A19103F-16F7-4668-BE54-9A1E7A4F7556}") = "UnfollowUser", "UnfollowUser\UnfollowUser.csproj", "{3A5BD44C-32B6-481D-A37B-EEA17668A9C9}"
EndProject
Project("{9A19103F-16F7-4668-BE54-9A1E7A4F7556}") = "UnfollowUser.Tests", "UnfollowUser.Tests\UnfollowUser.Tests.csproj", "{5C356CFE-9AF5-4164-83CF-632D7205287F}"
EndProject
Project("{9A19103F-16F7-4668-BE54-9A1E7A4F7556}") = "Core", "..\..\Core\Core\Core.csproj", "{258DA396-3BD2-4E33-8896-9BBECA70F933}"
EndProject
Global
	GlobalSection(SolutionConfigurationPlatforms) = preSolution
		Debug|Any CPU = Debug|Any CPU
		Release|Any CPU = Release|Any CPU
	EndGlobalSection
	GlobalSection(ProjectConfigurationPlatforms) = postSolution
		{3A5BD44C-32B6-481D-A37B-EEA17668A9C9}.Debug|Any CPU.ActiveCfg = Debug|Any CPU
		{3A5BD44C-32B6-481D-A37B-EEA17668A9C9}.Debug|Any CPU.Build.0 = Debug|Any CPU
		{3A5BD44C-32B6-481D-A37B-EEA17668A9C9}.Release|Any CPU.ActiveCfg = Release|Any CPU
		{3A5BD44C-32B6-481D-A37B-EEA17668A9C9}.Release|Any CPU.Build.0 = Release|Any CPU
		{5C356CFE-9AF5-4164-83CF-632D7205287F}.Debug|Any CPU.ActiveCfg = Debug|Any CPU
		{5C356CFE-9AF5-4164-83CF-632D7205287F}.Debug|Any CPU.Build.0 = Debug|Any CPU
		{5C356CFE-9AF5-4164-83CF-632D7205287F}.Release|Any CPU.ActiveCfg = Release|Any CPU
		{5C356CFE-9AF5-4164-83CF-632D7205287F}.Release|Any CPU.Build.0 = Release|Any CPU
		{258DA396-3BD2-4E33-8896-9BBECA70F933}.Debug|Any CPU.ActiveCfg = Debug|Any CPU
		{258DA396-3BD2-4E33-8896-9BBECA70F933}.Debug|Any CPU.Build.0 = Debug|Any CPU
		{258DA396-3BD2-4E33-8896-9BBECA70F933}.Release|Any CPU.ActiveCfg = Release|Any CPU
		{258DA396-3BD2-4E33-8896-9BBECA70F933}.Release|Any CPU.Build.0 = Release|Any CPU
	EndGlobalSection
	GlobalSection(SolutionProperties) = preSolution
		HideSolutionNode = FALSE
	EndGlobalSection
	GlobalSection(ExtensibilityGlobals) = postSolution
		SolutionGuid = {C036169A-FBE9-4148-ADEF-E31B0B628002}
	EndGlobalSection
EndGlobal
